
Microsoft Visual Studio Solution File, Format Version 12.00
# Visual Studio Version 17
VisualStudioVersion = 17.0.31919.166
MinimumVisualStudioVersion = 10.0.40219.1
Project("{FAE04EC0-301F-11D3-BF4B-00C04F79EFBC}") = "StaticExercise", "StaticExcercise\StaticExercise.csproj", "{A0026E09-24A7-4E41-A63C-789201A383C9}"
EndProject
Global
	GlobalSection(SolutionConfigurationPlatforms) = preSolution
		Debug|Any CPU = Debug|Any CPU
		Release|Any CPU = Release|Any CPU
	EndGlobalSection
	GlobalSection(ProjectConfigurationPlatforms) = postSolution
		{A0026E09-24A7-4E41-A63C-789201A383C9}.Debug|Any CPU.ActiveCfg = Debug|Any CPU
		{A0026E09-24A7-4E41-A63C-789201A383C9}.Debug|Any CPU.Build.0 = Debug|Any CPU
		{A0026E09-24A7-4E41-A63C-789201A383C9}.Release|Any CPU.ActiveCfg = Release|Any CPU
		{A0026E09-24A7-4E41-A63C-789201A383C9}.Release|Any CPU.Build.0 = Release|Any CPU
	EndGlobalSection
	GlobalSection(SolutionProperties) = preSolution
		HideSolutionNode = FALSE
	EndGlobalSection
	GlobalSection(ExtensibilityGlobals) = postSolution
		SolutionGuid = {D0DF2C71-C14E-4E1C-8276-D7ADA01859EA}
	EndGlobalSection
EndGlobal
